
Microsoft Visual Studio Solution File, Format Version 11.00
# Visual Studio 2010
Project("{FAE04EC0-301F-11D3-BF4B-00C04F79EFBC}") = "TailspinSpyworks", "TailspinSpyworks\TailspinSpyworks.csproj", "{ACC076C7-6B9D-4828-9AD0-BE578647FB6D}"
EndProject
Global
	GlobalSection(SolutionConfigurationPlatforms) = preSolution
		Debug|Any CPU = Debug|Any CPU
		Release|Any CPU = Release|Any CPU
	EndGlobalSection
	GlobalSection(ProjectConfigurationPlatforms) = postSolution
		{ACC076C7-6B9D-4828-9AD0-BE578647FB6D}.Debug|Any CPU.ActiveCfg = Debug|Any CPU
		{ACC076C7-6B9D-4828-9AD0-BE578647FB6D}.Debug|Any CPU.Build.0 = Debug|Any CPU
		{ACC076C7-6B9D-4828-9AD0-BE578647FB6D}.Release|Any CPU.ActiveCfg = Release|Any CPU
		{ACC076C7-6B9D-4828-9AD0-BE578647FB6D}.Release|Any CPU.Build.0 = Release|Any CPU
	EndGlobalSection
	GlobalSection(SolutionProperties) = preSolution
		HideSolutionNode = FALSE
	EndGlobalSection
EndGlobal
